
Microsoft Visual Studio Solution File, Format Version 12.00
# Visual Studio Version 16
VisualStudioVersion = 16.0.30804.86
MinimumVisualStudioVersion = 10.0.40219.1
Project("{FAE04EC0-301F-11D3-BF4B-00C04F79EFBC}") = "FiskBank", "FiskBank\FiskBank.csproj", "{9D0DB6A0-5180-41D5-99E2-F85C802E9D45}"
EndProject
Project("{FAE04EC0-301F-11D3-BF4B-00C04F79EFBC}") = "FiskBank.Modules", "FiskBank.Modules\FiskBank.Modules.csproj", "{D0835582-3061-4698-A980-3A1B9AD11D0B}"
EndProject
Global
	GlobalSection(SolutionConfigurationPlatforms) = preSolution
		Debug|Any CPU = Debug|Any CPU
		Release|Any CPU = Release|Any CPU
	EndGlobalSection
	GlobalSection(ProjectConfigurationPlatforms) = postSolution
		{9D0DB6A0-5180-41D5-99E2-F85C802E9D45}.Debug|Any CPU.ActiveCfg = Debug|Any CPU
		{9D0DB6A0-5180-41D5-99E2-F85C802E9D45}.Debug|Any CPU.Build.0 = Debug|Any CPU
		{9D0DB6A0-5180-41D5-99E2-F85C802E9D45}.Release|Any CPU.ActiveCfg = Release|Any CPU
		{9D0DB6A0-5180-41D5-99E2-F85C802E9D45}.Release|Any CPU.Build.0 = Release|Any CPU
		{D0835582-3061-4698-A980-3A1B9AD11D0B}.Debug|Any CPU.ActiveCfg = Debug|Any CPU
		{D0835582-3061-4698-A980-3A1B9AD11D0B}.Debug|Any CPU.Build.0 = Debug|Any CPU
		{D0835582-3061-4698-A980-3A1B9AD11D0B}.Release|Any CPU.ActiveCfg = Release|Any CPU
		{D0835582-3061-4698-A980-3A1B9AD11D0B}.Release|Any CPU.Build.0 = Release|Any CPU
	EndGlobalSection
	GlobalSection(SolutionProperties) = preSolution
		HideSolutionNode = FALSE
	EndGlobalSection
	GlobalSection(ExtensibilityGlobals) = postSolution
		SolutionGuid = {C65A4B78-5F41-4798-95E6-4C8B07BA928B}
	EndGlobalSection
EndGlobal
